// !$*UTF8*$!
{
	archiveVersion = 1;
	classes = {
	};
	objectVersion = 46;
	objects = {

/* Begin PBXBuildFile section */
		302DCFAD56EFD59C14557233 /* Pods_Orthopaediscore.framework in Frameworks */ = {isa = PBXBuildFile; fileRef = F6E9EFAB6064AB5A1D89A92B /* Pods_Orthopaediscore.framework */; };
		CE4F38D51EDF9AFA003855D6 /* OSTableNetService.swift in Sources */ = {isa = PBXBuildFile; fileRef = CE4F38D41EDF9AFA003855D6 /* OSTableNetService.swift */; };
		CE4F38D71EDF9B38003855D6 /* OSBaseNetService.swift in Sources */ = {isa = PBXBuildFile; fileRef = CE4F38D61EDF9B38003855D6 /* OSBaseNetService.swift */; };
		CE4F38DA1EE0473A003855D6 /* OSBriefTable.swift in Sources */ = {isa = PBXBuildFile; fileRef = CE4F38D91EE0473A003855D6 /* OSBriefTable.swift */; };
		CE4F38DD1EE04E24003855D6 /* OSAssignTableVC.swift in Sources */ = {isa = PBXBuildFile; fileRef = CE4F38DB1EE04E24003855D6 /* OSAssignTableVC.swift */; };
		CE4F38DE1EE04E24003855D6 /* OSAssignTableVC.xib in Resources */ = {isa = PBXBuildFile; fileRef = CE4F38DC1EE04E24003855D6 /* OSAssignTableVC.xib */; };
		CE4F38E11EE05108003855D6 /* OSBriefTableViewCell.swift in Sources */ = {isa = PBXBuildFile; fileRef = CE4F38DF1EE05108003855D6 /* OSBriefTableViewCell.swift */; };
		CE4F38E21EE05108003855D6 /* OSBriefTableViewCell.xib in Resources */ = {isa = PBXBuildFile; fileRef = CE4F38E01EE05108003855D6 /* OSBriefTableViewCell.xib */; };
		CE4F38E41EE0531D003855D6 /* OSBriefTableSectionHeader.swift in Sources */ = {isa = PBXBuildFile; fileRef = CE4F38E31EE0531D003855D6 /* OSBriefTableSectionHeader.swift */; };
		CE4F38EC1EE0837E003855D6 /* OSQuestionChoiceCell.swift in Sources */ = {isa = PBXBuildFile; fileRef = CE4F38EB1EE0837E003855D6 /* OSQuestionChoiceCell.swift */; };
		CE4F38EE1EE08397003855D6 /* OSQuestionChoiceCell.xib in Resources */ = {isa = PBXBuildFile; fileRef = CE4F38ED1EE08397003855D6 /* OSQuestionChoiceCell.xib */; };
		CE4F38F01EE085FA003855D6 /* OSQuestionView.swift in Sources */ = {isa = PBXBuildFile; fileRef = CE4F38EF1EE085FA003855D6 /* OSQuestionView.swift */; };
		CE4F38F21EE086FF003855D6 /* OSQuestion.swift in Sources */ = {isa = PBXBuildFile; fileRef = CE4F38F11EE086FF003855D6 /* OSQuestion.swift */; };
		CE4F38F61EE2FD93003855D6 /* LinearScrollView.swift in Sources */ = {isa = PBXBuildFile; fileRef = CE4F38F41EE2FD93003855D6 /* LinearScrollView.swift */; };
		CE4F38F71EE2FD93003855D6 /* LinearScrollViewItem.swift in Sources */ = {isa = PBXBuildFile; fileRef = CE4F38F51EE2FD93003855D6 /* LinearScrollViewItem.swift */; };
		CE4F38FA1EE2FEE9003855D6 /* OSFillTableViewController.swift in Sources */ = {isa = PBXBuildFile; fileRef = CE4F38F81EE2FEE9003855D6 /* OSFillTableViewController.swift */; };
		CE4F38FB1EE2FEE9003855D6 /* OSFillTableViewController.xib in Resources */ = {isa = PBXBuildFile; fileRef = CE4F38F91EE2FEE9003855D6 /* OSFillTableViewController.xib */; };
		CE4F39001EE3020E003855D6 /* OSATPatientTableViewController.swift in Sources */ = {isa = PBXBuildFile; fileRef = CE4F38FF1EE3020E003855D6 /* OSATPatientTableViewController.swift */; };
		CE4F39021EE30406003855D6 /* OSATSelectedTBV.swift in Sources */ = {isa = PBXBuildFile; fileRef = CE4F39011EE30406003855D6 /* OSATSelectedTBV.swift */; };
		CE4F39041EE31906003855D6 /* OSUniqueTable.swift in Sources */ = {isa = PBXBuildFile; fileRef = CE4F39031EE31906003855D6 /* OSUniqueTable.swift */; };
		CE4F39071EE31FFF003855D6 /* OSATSelectedTBCell.swift in Sources */ = {isa = PBXBuildFile; fileRef = CE4F39051EE31FFF003855D6 /* OSATSelectedTBCell.swift */; };
		CE4F39081EE31FFF003855D6 /* OSATSelectedTBCell.xib in Resources */ = {isa = PBXBuildFile; fileRef = CE4F39061EE31FFF003855D6 /* OSATSelectedTBCell.xib */; };
		CE5B9E981EDF84D700624D78 /* OSMTPatientTableViewController.swift in Sources */ = {isa = PBXBuildFile; fileRef = CE5B9E971EDF84D700624D78 /* OSMTPatientTableViewController.swift */; };
		CE5B9E9D1EDF857A00624D78 /* OSPatient.swift in Sources */ = {isa = PBXBuildFile; fileRef = CE5B9E9C1EDF857A00624D78 /* OSPatient.swift */; };
		CE5B9E9F1EDF8EFE00624D78 /* Date-Extension.swift in Sources */ = {isa = PBXBuildFile; fileRef = CE5B9E9E1EDF8EFE00624D78 /* Date-Extension.swift */; };
		CE5B9EA11EDF941500624D78 /* String-Extension.swift in Sources */ = {isa = PBXBuildFile; fileRef = CE5B9EA01EDF941500624D78 /* String-Extension.swift */; };
		CE65A23E1ED4D52F00DBA8C2 /* OSMainViewController.swift in Sources */ = {isa = PBXBuildFile; fileRef = CE65A23C1ED4D52F00DBA8C2 /* OSMainViewController.swift */; };
		CE65A23F1ED4D52F00DBA8C2 /* OSMainViewController.xib in Resources */ = {isa = PBXBuildFile; fileRef = CE65A23D1ED4D52F00DBA8C2 /* OSMainViewController.xib */; };
		CE65A2411ED4D69300DBA8C2 /* Global.swift in Sources */ = {isa = PBXBuildFile; fileRef = CE65A2401ED4D69300DBA8C2 /* Global.swift */; };
		CE65A2431ED4DA3900DBA8C2 /* OSMainSectionView.swift in Sources */ = {isa = PBXBuildFile; fileRef = CE65A2421ED4DA3900DBA8C2 /* OSMainSectionView.swift */; };
		CE65A2481ED4DD0900DBA8C2 /* OSMainSectionView.xib in Resources */ = {isa = PBXBuildFile; fileRef = CE65A2471ED4DD0900DBA8C2 /* OSMainSectionView.xib */; };
		CE65A2501ED4E32600DBA8C2 /* Double-Extension.swift in Sources */ = {isa = PBXBuildFile; fileRef = CE65A2491ED4E32600DBA8C2 /* Double-Extension.swift */; };
		CE65A2521ED4E32600DBA8C2 /* UIColor-Extension.swift in Sources */ = {isa = PBXBuildFile; fileRef = CE65A24B1ED4E32600DBA8C2 /* UIColor-Extension.swift */; };
		CE65A2531ED4E32600DBA8C2 /* UIImage-Extension.swift in Sources */ = {isa = PBXBuildFile; fileRef = CE65A24C1ED4E32600DBA8C2 /* UIImage-Extension.swift */; };
		CE65A2541ED4E32600DBA8C2 /* UIImage+Gif.swift in Sources */ = {isa = PBXBuildFile; fileRef = CE65A24D1ED4E32600DBA8C2 /* UIImage+Gif.swift */; };
		CE65A2551ED4E32600DBA8C2 /* UIImageView-Extension.swift in Sources */ = {isa = PBXBuildFile; fileRef = CE65A24E1ED4E32600DBA8C2 /* UIImageView-Extension.swift */; };
		CE65A2561ED4E32600DBA8C2 /* UIView-Extension.swift in Sources */ = {isa = PBXBuildFile; fileRef = CE65A24F1ED4E32600DBA8C2 /* UIView-Extension.swift */; };
		CE697C301EDA24B6009572E3 /* OSPatientViewController.swift in Sources */ = {isa = PBXBuildFile; fileRef = CE697C2B1EDA24B6009572E3 /* OSPatientViewController.swift */; };
		CE697C311EDA24B6009572E3 /* OSPatientViewController.xib in Resources */ = {isa = PBXBuildFile; fileRef = CE697C2C1EDA24B6009572E3 /* OSPatientViewController.xib */; };
		CE697C321EDA24B6009572E3 /* OSPatientTableViewCell.swift in Sources */ = {isa = PBXBuildFile; fileRef = CE697C2E1EDA24B6009572E3 /* OSPatientTableViewCell.swift */; };
		CE697C331EDA24B6009572E3 /* OSPatientTableViewCell.xib in Resources */ = {isa = PBXBuildFile; fileRef = CE697C2F1EDA24B6009572E3 /* OSPatientTableViewCell.xib */; };
		CE697C361EDBCB56009572E3 /* OSPatientDetailViewController.swift in Sources */ = {isa = PBXBuildFile; fileRef = CE697C341EDBCB56009572E3 /* OSPatientDetailViewController.swift */; };
		CE697C371EDBCB56009572E3 /* OSPatientDetailViewController.xib in Resources */ = {isa = PBXBuildFile; fileRef = CE697C351EDBCB56009572E3 /* OSPatientDetailViewController.xib */; };
		CE697C391EDC6340009572E3 /* OSPickerView.swift in Sources */ = {isa = PBXBuildFile; fileRef = CE697C381EDC6340009572E3 /* OSPickerView.swift */; };
		CE697C3D1EDC6860009572E3 /* OSDropListView.swift in Sources */ = {isa = PBXBuildFile; fileRef = CE697C3C1EDC6860009572E3 /* OSDropListView.swift */; };
		CE697C3F1EDC6871009572E3 /* OSDropListView.xib in Resources */ = {isa = PBXBuildFile; fileRef = CE697C3E1EDC6871009572E3 /* OSDropListView.xib */; };
		CE697C411EDC6A13009572E3 /* OSInputView.swift in Sources */ = {isa = PBXBuildFile; fileRef = CE697C401EDC6A13009572E3 /* OSInputView.swift */; };
		CE697C431EDC6A24009572E3 /* OSInputView.xib in Resources */ = {isa = PBXBuildFile; fileRef = CE697C421EDC6A24009572E3 /* OSInputView.xib */; };
		CE697C451EDD04B4009572E3 /* OSTimePickerView.swift in Sources */ = {isa = PBXBuildFile; fileRef = CE697C441EDD04B4009572E3 /* OSTimePickerView.swift */; };
		CE697C491EDD07EF009572E3 /* OSDateSelectView.swift in Sources */ = {isa = PBXBuildFile; fileRef = CE697C481EDD07EE009572E3 /* OSDateSelectView.swift */; };
		CE697C4B1EDD0800009572E3 /* OSDateSelectView.xib in Resources */ = {isa = PBXBuildFile; fileRef = CE697C4A1EDD0800009572E3 /* OSDateSelectView.xib */; };
		CECF44551ECE718C00D5B3E6 /* AppDelegate.swift in Sources */ = {isa = PBXBuildFile; fileRef = CECF44541ECE718C00D5B3E6 /* AppDelegate.swift */; };
		CECF44571ECE718C00D5B3E6 /* ViewController.swift in Sources */ = {isa = PBXBuildFile; fileRef = CECF44561ECE718C00D5B3E6 /* ViewController.swift */; };
		CECF445A1ECE718C00D5B3E6 /* Main.storyboard in Resources */ = {isa = PBXBuildFile; fileRef = CECF44581ECE718C00D5B3E6 /* Main.storyboard */; };
		CECF445C1ECE718C00D5B3E6 /* Assets.xcassets in Resources */ = {isa = PBXBuildFile; fileRef = CECF445B1ECE718C00D5B3E6 /* Assets.xcassets */; };
		CECF445F1ECE718C00D5B3E6 /* LaunchScreen.storyboard in Resources */ = {isa = PBXBuildFile; fileRef = CECF445D1ECE718C00D5B3E6 /* LaunchScreen.storyboard */; };
		CECF446A1ECE718C00D5B3E6 /* OrthopaediscoreTests.swift in Sources */ = {isa = PBXBuildFile; fileRef = CECF44691ECE718C00D5B3E6 /* OrthopaediscoreTests.swift */; };
		CECF44751ECE718C00D5B3E6 /* OrthopaediscoreUITests.swift in Sources */ = {isa = PBXBuildFile; fileRef = CECF44741ECE718C00D5B3E6 /* OrthopaediscoreUITests.swift */; };
		CECF44961ECE735800D5B3E6 /* OSWelcomeViewController.swift in Sources */ = {isa = PBXBuildFile; fileRef = CECF44941ECE735800D5B3E6 /* OSWelcomeViewController.swift */; };
		CECF44971ECE735800D5B3E6 /* OSWelcomeViewController.xib in Resources */ = {isa = PBXBuildFile; fileRef = CECF44951ECE735800D5B3E6 /* OSWelcomeViewController.xib */; };
/* End PBXBuildFile section */

/* Begin PBXContainerItemProxy section */
		CECF44661ECE718C00D5B3E6 /* PBXContainerItemProxy */ = {
			isa = PBXContainerItemProxy;
			containerPortal = CECF44491ECE718B00D5B3E6 /* Project object */;
			proxyType = 1;
			remoteGlobalIDString = CECF44501ECE718B00D5B3E6;
			remoteInfo = Orthopaediscore;
		};
		CECF44711ECE718C00D5B3E6 /* PBXContainerItemProxy */ = {
			isa = PBXContainerItemProxy;
			containerPortal = CECF44491ECE718B00D5B3E6 /* Project object */;
			proxyType = 1;
			remoteGlobalIDString = CECF44501ECE718B00D5B3E6;
			remoteInfo = Orthopaediscore;
		};
/* End PBXContainerItemProxy section */

/* Begin PBXFileReference section */
		15764DB0EF83F1CC9B57C754 /* Pods-Orthopaediscore.debug.xcconfig */ = {isa = PBXFileReference; includeInIndex = 1; lastKnownFileType = text.xcconfig; name = "Pods-Orthopaediscore.debug.xcconfig"; path = "Pods/Target Support Files/Pods-Orthopaediscore/Pods-Orthopaediscore.debug.xcconfig"; sourceTree = "<group>"; };
		68F9F29C5CABA46EE75C9C6F /* Pods-Orthopaediscore.release.xcconfig */ = {isa = PBXFileReference; includeInIndex = 1; lastKnownFileType = text.xcconfig; name = "Pods-Orthopaediscore.release.xcconfig"; path = "Pods/Target Support Files/Pods-Orthopaediscore/Pods-Orthopaediscore.release.xcconfig"; sourceTree = "<group>"; };
		CE4F38D41EDF9AFA003855D6 /* OSTableNetService.swift */ = {isa = PBXFileReference; fileEncoding = 4; lastKnownFileType = sourcecode.swift; path = OSTableNetService.swift; sourceTree = "<group>"; };
		CE4F38D61EDF9B38003855D6 /* OSBaseNetService.swift */ = {isa = PBXFileReference; fileEncoding = 4; lastKnownFileType = sourcecode.swift; path = OSBaseNetService.swift; sourceTree = "<group>"; };
		CE4F38D91EE0473A003855D6 /* OSBriefTable.swift */ = {isa = PBXFileReference; fileEncoding = 4; lastKnownFileType = sourcecode.swift; path = OSBriefTable.swift; sourceTree = "<group>"; };
		CE4F38DB1EE04E24003855D6 /* OSAssignTableVC.swift */ = {isa = PBXFileReference; fileEncoding = 4; lastKnownFileType = sourcecode.swift; path = OSAssignTableVC.swift; sourceTree = "<group>"; };
		CE4F38DC1EE04E24003855D6 /* OSAssignTableVC.xib */ = {isa = PBXFileReference; fileEncoding = 4; lastKnownFileType = file.xib; path = OSAssignTableVC.xib; sourceTree = "<group>"; };
		CE4F38DF1EE05108003855D6 /* OSBriefTableViewCell.swift */ = {isa = PBXFileReference; fileEncoding = 4; lastKnownFileType = sourcecode.swift; path = OSBriefTableViewCell.swift; sourceTree = "<group>"; };
		CE4F38E01EE05108003855D6 /* OSBriefTableViewCell.xib */ = {isa = PBXFileReference; fileEncoding = 4; lastKnownFileType = file.xib; path = OSBriefTableViewCell.xib; sourceTree = "<group>"; };
		CE4F38E31EE0531D003855D6 /* OSBriefTableSectionHeader.swift */ = {isa = PBXFileReference; fileEncoding = 4; lastKnownFileType = sourcecode.swift; path = OSBriefTableSectionHeader.swift; sourceTree = "<group>"; };
		CE4F38EB1EE0837E003855D6 /* OSQuestionChoiceCell.swift */ = {isa = PBXFileReference; fileEncoding = 4; lastKnownFileType = sourcecode.swift; path = OSQuestionChoiceCell.swift; sourceTree = "<group>"; };
		CE4F38ED1EE08397003855D6 /* OSQuestionChoiceCell.xib */ = {isa = PBXFileReference; fileEncoding = 4; lastKnownFileType = file.xib; path = OSQuestionChoiceCell.xib; sourceTree = "<group>"; };
		CE4F38EF1EE085FA003855D6 /* OSQuestionView.swift */ = {isa = PBXFileReference; fileEncoding = 4; lastKnownFileType = sourcecode.swift; path = OSQuestionView.swift; sourceTree = "<group>"; };
		CE4F38F11EE086FF003855D6 /* OSQuestion.swift */ = {isa = PBXFileReference; fileEncoding = 4; lastKnownFileType = sourcecode.swift; path = OSQuestion.swift; sourceTree = "<group>"; };
		CE4F38F41EE2FD93003855D6 /* LinearScrollView.swift */ = {isa = PBXFileReference; fileEncoding = 4; lastKnownFileType = sourcecode.swift; path = LinearScrollView.swift; sourceTree = "<group>"; };
		CE4F38F51EE2FD93003855D6 /* LinearScrollViewItem.swift */ = {isa = PBXFileReference; fileEncoding = 4; lastKnownFileType = sourcecode.swift; path = LinearScrollViewItem.swift; sourceTree = "<group>"; };
		CE4F38F81EE2FEE9003855D6 /* OSFillTableViewController.swift */ = {isa = PBXFileReference; fileEncoding = 4; lastKnownFileType = sourcecode.swift; name = OSFillTableViewController.swift; path = ../../medicaltable/controller/OSFillTableViewController.swift; sourceTree = "<group>"; };
		CE4F38F91EE2FEE9003855D6 /* OSFillTableViewController.xib */ = {isa = PBXFileReference; fileEncoding = 4; lastKnownFileType = file.xib; name = OSFillTableViewController.xib; path = ../../medicaltable/controller/OSFillTableViewController.xib; sourceTree = "<group>"; };
		CE4F38FF1EE3020E003855D6 /* OSATPatientTableViewController.swift */ = {isa = PBXFileReference; fileEncoding = 4; lastKnownFileType = sourcecode.swift; path = OSATPatientTableViewController.swift; sourceTree = "<group>"; };
		CE4F39011EE30406003855D6 /* OSATSelectedTBV.swift */ = {isa = PBXFileReference; fileEncoding = 4; lastKnownFileType = sourcecode.swift; path = OSATSelectedTBV.swift; sourceTree = "<group>"; };
		CE4F39031EE31906003855D6 /* OSUniqueTable.swift */ = {isa = PBXFileReference; fileEncoding = 4; lastKnownFileType = sourcecode.swift; path = OSUniqueTable.swift; sourceTree = "<group>"; };
		CE4F39051EE31FFF003855D6 /* OSATSelectedTBCell.swift */ = {isa = PBXFileReference; fileEncoding = 4; lastKnownFileType = sourcecode.swift; path = OSATSelectedTBCell.swift; sourceTree = "<group>"; };
		CE4F39061EE31FFF003855D6 /* OSATSelectedTBCell.xib */ = {isa = PBXFileReference; fileEncoding = 4; lastKnownFileType = file.xib; path = OSATSelectedTBCell.xib; sourceTree = "<group>"; };
		CE5B9E971EDF84D700624D78 /* OSMTPatientTableViewController.swift */ = {isa = PBXFileReference; fileEncoding = 4; lastKnownFileType = sourcecode.swift; path = OSMTPatientTableViewController.swift; sourceTree = "<group>"; };
		CE5B9E9C1EDF857A00624D78 /* OSPatient.swift */ = {isa = PBXFileReference; fileEncoding = 4; lastKnownFileType = sourcecode.swift; path = OSPatient.swift; sourceTree = "<group>"; };
		CE5B9E9E1EDF8EFE00624D78 /* Date-Extension.swift */ = {isa = PBXFileReference; fileEncoding = 4; lastKnownFileType = sourcecode.swift; path = "Date-Extension.swift"; sourceTree = "<group>"; };
		CE5B9EA01EDF941500624D78 /* String-Extension.swift */ = {isa = PBXFileReference; fileEncoding = 4; lastKnownFileType = sourcecode.swift; path = "String-Extension.swift"; sourceTree = "<group>"; };
		CE65A23C1ED4D52F00DBA8C2 /* OSMainViewController.swift */ = {isa = PBXFileReference; fileEncoding = 4; lastKnownFileType = sourcecode.swift; path = OSMainViewController.swift; sourceTree = "<group>"; };
		CE65A23D1ED4D52F00DBA8C2 /* OSMainViewController.xib */ = {isa = PBXFileReference; fileEncoding = 4; lastKnownFileType = file.xib; path = OSMainViewController.xib; sourceTree = "<group>"; };
		CE65A2401ED4D69300DBA8C2 /* Global.swift */ = {isa = PBXFileReference; fileEncoding = 4; lastKnownFileType = sourcecode.swift; path = Global.swift; sourceTree = "<group>"; };
		CE65A2421ED4DA3900DBA8C2 /* OSMainSectionView.swift */ = {isa = PBXFileReference; fileEncoding = 4; lastKnownFileType = sourcecode.swift; path = OSMainSectionView.swift; sourceTree = "<group>"; };
		CE65A2471ED4DD0900DBA8C2 /* OSMainSectionView.xib */ = {isa = PBXFileReference; fileEncoding = 4; lastKnownFileType = file.xib; path = OSMainSectionView.xib; sourceTree = "<group>"; };
		CE65A2491ED4E32600DBA8C2 /* Double-Extension.swift */ = {isa = PBXFileReference; fileEncoding = 4; lastKnownFileType = sourcecode.swift; path = "Double-Extension.swift"; sourceTree = "<group>"; };
		CE65A24B1ED4E32600DBA8C2 /* UIColor-Extension.swift */ = {isa = PBXFileReference; fileEncoding = 4; lastKnownFileType = sourcecode.swift; path = "UIColor-Extension.swift"; sourceTree = "<group>"; };
		CE65A24C1ED4E32600DBA8C2 /* UIImage-Extension.swift */ = {isa = PBXFileReference; fileEncoding = 4; lastKnownFileType = sourcecode.swift; path = "UIImage-Extension.swift"; sourceTree = "<group>"; };
		CE65A24D1ED4E32600DBA8C2 /* UIImage+Gif.swift */ = {isa = PBXFileReference; fileEncoding = 4; lastKnownFileType = sourcecode.swift; path = "UIImage+Gif.swift"; sourceTree = "<group>"; };
		CE65A24E1ED4E32600DBA8C2 /* UIImageView-Extension.swift */ = {isa = PBXFileReference; fileEncoding = 4; lastKnownFileType = sourcecode.swift; path = "UIImageView-Extension.swift"; sourceTree = "<group>"; };
		CE65A24F1ED4E32600DBA8C2 /* UIView-Extension.swift */ = {isa = PBXFileReference; fileEncoding = 4; lastKnownFileType = sourcecode.swift; path = "UIView-Extension.swift"; sourceTree = "<group>"; };
		CE697C2B1EDA24B6009572E3 /* OSPatientViewController.swift */ = {isa = PBXFileReference; fileEncoding = 4; lastKnownFileType = sourcecode.swift; path = OSPatientViewController.swift; sourceTree = "<group>"; };
		CE697C2C1EDA24B6009572E3 /* OSPatientViewController.xib */ = {isa = PBXFileReference; fileEncoding = 4; lastKnownFileType = file.xib; path = OSPatientViewController.xib; sourceTree = "<group>"; };
		CE697C2E1EDA24B6009572E3 /* OSPatientTableViewCell.swift */ = {isa = PBXFileReference; fileEncoding = 4; lastKnownFileType = sourcecode.swift; path = OSPatientTableViewCell.swift; sourceTree = "<group>"; };
		CE697C2F1EDA24B6009572E3 /* OSPatientTableViewCell.xib */ = {isa = PBXFileReference; fileEncoding = 4; lastKnownFileType = file.xib; path = OSPatientTableViewCell.xib; sourceTree = "<group>"; };
		CE697C341EDBCB56009572E3 /* OSPatientDetailViewController.swift */ = {isa = PBXFileReference; fileEncoding = 4; lastKnownFileType = sourcecode.swift; path = OSPatientDetailViewController.swift; sourceTree = "<group>"; };
		CE697C351EDBCB56009572E3 /* OSPatientDetailViewController.xib */ = {isa = PBXFileReference; fileEncoding = 4; lastKnownFileType = file.xib; path = OSPatientDetailViewController.xib; sourceTree = "<group>"; };
		CE697C381EDC6340009572E3 /* OSPickerView.swift */ = {isa = PBXFileReference; fileEncoding = 4; lastKnownFileType = sourcecode.swift; path = OSPickerView.swift; sourceTree = "<group>"; };
		CE697C3C1EDC6860009572E3 /* OSDropListView.swift */ = {isa = PBXFileReference; fileEncoding = 4; lastKnownFileType = sourcecode.swift; path = OSDropListView.swift; sourceTree = "<group>"; };
		CE697C3E1EDC6871009572E3 /* OSDropListView.xib */ = {isa = PBXFileReference; fileEncoding = 4; lastKnownFileType = file.xib; path = OSDropListView.xib; sourceTree = "<group>"; };
		CE697C401EDC6A13009572E3 /* OSInputView.swift */ = {isa = PBXFileReference; fileEncoding = 4; lastKnownFileType = sourcecode.swift; path = OSInputView.swift; sourceTree = "<group>"; };
		CE697C421EDC6A24009572E3 /* OSInputView.xib */ = {isa = PBXFileReference; fileEncoding = 4; lastKnownFileType = file.xib; path = OSInputView.xib; sourceTree = "<group>"; };
		CE697C441EDD04B4009572E3 /* OSTimePickerView.swift */ = {isa = PBXFileReference; fileEncoding = 4; lastKnownFileType = sourcecode.swift; path = OSTimePickerView.swift; sourceTree = "<group>"; };
		CE697C481EDD07EE009572E3 /* OSDateSelectView.swift */ = {isa = PBXFileReference; fileEncoding = 4; lastKnownFileType = sourcecode.swift; path = OSDateSelectView.swift; sourceTree = "<group>"; };
		CE697C4A1EDD0800009572E3 /* OSDateSelectView.xib */ = {isa = PBXFileReference; fileEncoding = 4; lastKnownFileType = file.xib; path = OSDateSelectView.xib; sourceTree = "<group>"; };
		CECF44511ECE718C00D5B3E6 /* Orthopaediscore.app */ = {isa = PBXFileReference; explicitFileType = wrapper.application; includeInIndex = 0; path = Orthopaediscore.app; sourceTree = BUILT_PRODUCTS_DIR; };
		CECF44541ECE718C00D5B3E6 /* AppDelegate.swift */ = {isa = PBXFileReference; lastKnownFileType = sourcecode.swift; path = AppDelegate.swift; sourceTree = "<group>"; };
		CECF44561ECE718C00D5B3E6 /* ViewController.swift */ = {isa = PBXFileReference; lastKnownFileType = sourcecode.swift; path = ViewController.swift; sourceTree = "<group>"; };
		CECF44591ECE718C00D5B3E6 /* Base */ = {isa = PBXFileReference; lastKnownFileType = file.storyboard; name = Base; path = Base.lproj/Main.storyboard; sourceTree = "<group>"; };
		CECF445B1ECE718C00D5B3E6 /* Assets.xcassets */ = {isa = PBXFileReference; lastKnownFileType = folder.assetcatalog; path = Assets.xcassets; sourceTree = "<group>"; };
		CECF445E1ECE718C00D5B3E6 /* Base */ = {isa = PBXFileReference; lastKnownFileType = file.storyboard; name = Base; path = Base.lproj/LaunchScreen.storyboard; sourceTree = "<group>"; };
		CECF44601ECE718C00D5B3E6 /* Info.plist */ = {isa = PBXFileReference; lastKnownFileType = text.plist.xml; path = Info.plist; sourceTree = "<group>"; };
		CECF44651ECE718C00D5B3E6 /* OrthopaediscoreTests.xctest */ = {isa = PBXFileReference; explicitFileType = wrapper.cfbundle; includeInIndex = 0; path = OrthopaediscoreTests.xctest; sourceTree = BUILT_PRODUCTS_DIR; };
		CECF44691ECE718C00D5B3E6 /* OrthopaediscoreTests.swift */ = {isa = PBXFileReference; lastKnownFileType = sourcecode.swift; path = OrthopaediscoreTests.swift; sourceTree = "<group>"; };
		CECF446B1ECE718C00D5B3E6 /* Info.plist */ = {isa = PBXFileReference; lastKnownFileType = text.plist.xml; path = Info.plist; sourceTree = "<group>"; };
		CECF44701ECE718C00D5B3E6 /* OrthopaediscoreUITests.xctest */ = {isa = PBXFileReference; explicitFileType = wrapper.cfbundle; includeInIndex = 0; path = OrthopaediscoreUITests.xctest; sourceTree = BUILT_PRODUCTS_DIR; };
		CECF44741ECE718C00D5B3E6 /* OrthopaediscoreUITests.swift */ = {isa = PBXFileReference; lastKnownFileType = sourcecode.swift; path = OrthopaediscoreUITests.swift; sourceTree = "<group>"; };
		CECF44761ECE718C00D5B3E6 /* Info.plist */ = {isa = PBXFileReference; lastKnownFileType = text.plist.xml; path = Info.plist; sourceTree = "<group>"; };
		CECF44941ECE735800D5B3E6 /* OSWelcomeViewController.swift */ = {isa = PBXFileReference; fileEncoding = 4; lastKnownFileType = sourcecode.swift; path = OSWelcomeViewController.swift; sourceTree = "<group>"; };
		CECF44951ECE735800D5B3E6 /* OSWelcomeViewController.xib */ = {isa = PBXFileReference; fileEncoding = 4; lastKnownFileType = file.xib; path = OSWelcomeViewController.xib; sourceTree = "<group>"; };
		F6E9EFAB6064AB5A1D89A92B /* Pods_Orthopaediscore.framework */ = {isa = PBXFileReference; explicitFileType = wrapper.framework; includeInIndex = 0; path = Pods_Orthopaediscore.framework; sourceTree = BUILT_PRODUCTS_DIR; };
/* End PBXFileReference section */

/* Begin PBXFrameworksBuildPhase section */
		CECF444E1ECE718B00D5B3E6 /* Frameworks */ = {
			isa = PBXFrameworksBuildPhase;
			buildActionMask = 2147483647;
			files = (
				302DCFAD56EFD59C14557233 /* Pods_Orthopaediscore.framework in Frameworks */,
			);
			runOnlyForDeploymentPostprocessing = 0;
		};
		CECF44621ECE718C00D5B3E6 /* Frameworks */ = {
			isa = PBXFrameworksBuildPhase;
			buildActionMask = 2147483647;
			files = (
			);
			runOnlyForDeploymentPostprocessing = 0;
		};
		CECF446D1ECE718C00D5B3E6 /* Frameworks */ = {
			isa = PBXFrameworksBuildPhase;
			buildActionMask = 2147483647;
			files = (
			);
			runOnlyForDeploymentPostprocessing = 0;
		};
/* End PBXFrameworksBuildPhase section */

/* Begin PBXGroup section */
		8AA5C5D2886EC07DB3E56C5A /* Pods */ = {
			isa = PBXGroup;
			children = (
				15764DB0EF83F1CC9B57C754 /* Pods-Orthopaediscore.debug.xcconfig */,
				68F9F29C5CABA46EE75C9C6F /* Pods-Orthopaediscore.release.xcconfig */,
			);
			name = Pods;
			sourceTree = "<group>";
		};
		B3CE952FD6229820F060157C /* Frameworks */ = {
			isa = PBXGroup;
			children = (
				F6E9EFAB6064AB5A1D89A92B /* Pods_Orthopaediscore.framework */,
			);
			name = Frameworks;
			sourceTree = "<group>";
		};
		CE4F38D21EDF9AA5003855D6 /* patient */ = {
			isa = PBXGroup;
			children = (
			);
			path = patient;
			sourceTree = "<group>";
		};
		CE4F38D31EDF9AA5003855D6 /* table */ = {
			isa = PBXGroup;
			children = (
				CE4F38D41EDF9AFA003855D6 /* OSTableNetService.swift */,
			);
			path = table;
			sourceTree = "<group>";
		};
		CE4F38D81EE046EC003855D6 /* table */ = {
			isa = PBXGroup;
			children = (
				CE4F38D91EE0473A003855D6 /* OSBriefTable.swift */,
				CE4F38F11EE086FF003855D6 /* OSQuestion.swift */,
				CE4F39031EE31906003855D6 /* OSUniqueTable.swift */,
			);
			path = table;
			sourceTree = "<group>";
		};
		CE4F38F31EE2FD93003855D6 /* LinearView */ = {
			isa = PBXGroup;
			children = (
				CE4F38F41EE2FD93003855D6 /* LinearScrollView.swift */,
				CE4F38F51EE2FD93003855D6 /* LinearScrollViewItem.swift */,
			);
			path = LinearView;
			sourceTree = "<group>";
		};
		CE4F38FC1EE3018C003855D6 /* assigntable */ = {
			isa = PBXGroup;
			children = (
				CE4F38FD1EE3018C003855D6 /* controller */,
				CE4F38FE1EE3018C003855D6 /* view */,
			);
			path = assigntable;
			sourceTree = "<group>";
		};
		CE4F38FD1EE3018C003855D6 /* controller */ = {
			isa = PBXGroup;
			children = (
				CE4F38F81EE2FEE9003855D6 /* OSFillTableViewController.swift */,
				CE4F38F91EE2FEE9003855D6 /* OSFillTableViewController.xib */,
				CE4F38FF1EE3020E003855D6 /* OSATPatientTableViewController.swift */,
				CE4F39011EE30406003855D6 /* OSATSelectedTBV.swift */,
			);
			path = controller;
			sourceTree = "<group>";
		};
		CE4F38FE1EE3018C003855D6 /* view */ = {
			isa = PBXGroup;
			children = (
				CE4F39051EE31FFF003855D6 /* OSATSelectedTBCell.swift */,
				CE4F39061EE31FFF003855D6 /* OSATSelectedTBCell.xib */,
			);
			path = view;
			sourceTree = "<group>";
		};
		CE5B9E941EDF847300624D78 /* medicaltable */ = {
			isa = PBXGroup;
			children = (
				CE5B9E951EDF847300624D78 /* controller */,
				CE5B9E961EDF847300624D78 /* view */,
			);
			path = medicaltable;
			sourceTree = "<group>";
		};
		CE5B9E951EDF847300624D78 /* controller */ = {
			isa = PBXGroup;
			children = (
				CE5B9E971EDF84D700624D78 /* OSMTPatientTableViewController.swift */,
				CE4F38DB1EE04E24003855D6 /* OSAssignTableVC.swift */,
				CE4F38DC1EE04E24003855D6 /* OSAssignTableVC.xib */,
			);
			path = controller;
			sourceTree = "<group>";
		};
		CE5B9E961EDF847300624D78 /* view */ = {
			isa = PBXGroup;
			children = (
				CE4F38DF1EE05108003855D6 /* OSBriefTableViewCell.swift */,
				CE4F38E01EE05108003855D6 /* OSBriefTableViewCell.xib */,
				CE4F38E31EE0531D003855D6 /* OSBriefTableSectionHeader.swift */,
				CE4F38EB1EE0837E003855D6 /* OSQuestionChoiceCell.swift */,
				CE4F38ED1EE08397003855D6 /* OSQuestionChoiceCell.xib */,
				CE4F38EF1EE085FA003855D6 /* OSQuestionView.swift */,
			);
			path = view;
			sourceTree = "<group>";
		};
		CE5B9E991EDF855900624D78 /* model */ = {
			isa = PBXGroup;
			children = (
				CE4F38D81EE046EC003855D6 /* table */,
				CE5B9E9A1EDF855900624D78 /* patient */,
			);
			path = model;
			sourceTree = "<group>";
		};
		CE5B9E9A1EDF855900624D78 /* patient */ = {
			isa = PBXGroup;
			children = (
				CE5B9E9C1EDF857A00624D78 /* OSPatient.swift */,
			);
			path = patient;
			sourceTree = "<group>";
		};
		CE5B9E9B1EDF856300624D78 /* service */ = {
			isa = PBXGroup;
			children = (
				CE4F38D21EDF9AA5003855D6 /* patient */,
				CE4F38D31EDF9AA5003855D6 /* table */,
				CE4F38D61EDF9B38003855D6 /* OSBaseNetService.swift */,
			);
			path = service;
			sourceTree = "<group>";
		};
		CE65A2441ED4DB0600DBA8C2 /* extension */ = {
			isa = PBXGroup;
			children = (
				CE4F38F31EE2FD93003855D6 /* LinearView */,
				CE65A2491ED4E32600DBA8C2 /* Double-Extension.swift */,
				CE65A24B1ED4E32600DBA8C2 /* UIColor-Extension.swift */,
				CE65A24C1ED4E32600DBA8C2 /* UIImage-Extension.swift */,
				CE65A24D1ED4E32600DBA8C2 /* UIImage+Gif.swift */,
				CE65A24E1ED4E32600DBA8C2 /* UIImageView-Extension.swift */,
				CE65A24F1ED4E32600DBA8C2 /* UIView-Extension.swift */,
				CE5B9E9E1EDF8EFE00624D78 /* Date-Extension.swift */,
				CE5B9EA01EDF941500624D78 /* String-Extension.swift */,
			);
			path = extension;
			sourceTree = "<group>";
		};
		CE697C291EDA24B6009572E3 /* patientlist */ = {
			isa = PBXGroup;
			children = (
				CE697C2A1EDA24B6009572E3 /* controller */,
				CE697C2D1EDA24B6009572E3 /* view */,
			);
			path = patientlist;
			sourceTree = "<group>";
		};
		CE697C2A1EDA24B6009572E3 /* controller */ = {
			isa = PBXGroup;
			children = (
				CE697C2B1EDA24B6009572E3 /* OSPatientViewController.swift */,
				CE697C2C1EDA24B6009572E3 /* OSPatientViewController.xib */,
				CE697C341EDBCB56009572E3 /* OSPatientDetailViewController.swift */,
				CE697C351EDBCB56009572E3 /* OSPatientDetailViewController.xib */,
			);
			path = controller;
			sourceTree = "<group>";
		};
		CE697C2D1EDA24B6009572E3 /* view */ = {
			isa = PBXGroup;
			children = (
				CE697C2E1EDA24B6009572E3 /* OSPatientTableViewCell.swift */,
				CE697C2F1EDA24B6009572E3 /* OSPatientTableViewCell.xib */,
				CE697C381EDC6340009572E3 /* OSPickerView.swift */,
				CE697C3C1EDC6860009572E3 /* OSDropListView.swift */,
				CE697C3E1EDC6871009572E3 /* OSDropListView.xib */,
				CE697C401EDC6A13009572E3 /* OSInputView.swift */,
				CE697C421EDC6A24009572E3 /* OSInputView.xib */,
				CE697C441EDD04B4009572E3 /* OSTimePickerView.swift */,
				CE697C481EDD07EE009572E3 /* OSDateSelectView.swift */,
				CE697C4A1EDD0800009572E3 /* OSDateSelectView.xib */,
			);
			path = view;
			sourceTree = "<group>";
		};
		CECF44481ECE718B00D5B3E6 = {
			isa = PBXGroup;
			children = (
				CECF44531ECE718C00D5B3E6 /* Orthopaediscore */,
				CECF44681ECE718C00D5B3E6 /* OrthopaediscoreTests */,
				CECF44731ECE718C00D5B3E6 /* OrthopaediscoreUITests */,
				CECF44521ECE718C00D5B3E6 /* Products */,
				8AA5C5D2886EC07DB3E56C5A /* Pods */,
				B3CE952FD6229820F060157C /* Frameworks */,
			);
			sourceTree = "<group>";
		};
		CECF44521ECE718C00D5B3E6 /* Products */ = {
			isa = PBXGroup;
			children = (
				CECF44511ECE718C00D5B3E6 /* Orthopaediscore.app */,
				CECF44651ECE718C00D5B3E6 /* OrthopaediscoreTests.xctest */,
				CECF44701ECE718C00D5B3E6 /* OrthopaediscoreUITests.xctest */,
			);
			name = Products;
			sourceTree = "<group>";
		};
		CECF44531ECE718C00D5B3E6 /* Orthopaediscore */ = {
			isa = PBXGroup;
			children = (
				CE5B9E9B1EDF856300624D78 /* service */,
				CE5B9E991EDF855900624D78 /* model */,
				CECF44601ECE718C00D5B3E6 /* Info.plist */,
				CECF44541ECE718C00D5B3E6 /* AppDelegate.swift */,
				CECF44561ECE718C00D5B3E6 /* ViewController.swift */,
				CECF445B1ECE718C00D5B3E6 /* Assets.xcassets */,
				CECF44851ECE725400D5B3E6 /* core */,
				CE65A2441ED4DB0600DBA8C2 /* extension */,
				CECF445D1ECE718C00D5B3E6 /* LaunchScreen.storyboard */,
				CECF44581ECE718C00D5B3E6 /* Main.storyboard */,
				CECF44881ECE725400D5B3E6 /* UI */,
			);
			path = Orthopaediscore;
			sourceTree = "<group>";
		};
		CECF44681ECE718C00D5B3E6 /* OrthopaediscoreTests */ = {
			isa = PBXGroup;
			children = (
				CECF44691ECE718C00D5B3E6 /* OrthopaediscoreTests.swift */,
				CECF446B1ECE718C00D5B3E6 /* Info.plist */,
			);
			path = OrthopaediscoreTests;
			sourceTree = "<group>";
		};
		CECF44731ECE718C00D5B3E6 /* OrthopaediscoreUITests */ = {
			isa = PBXGroup;
			children = (
				CECF44741ECE718C00D5B3E6 /* OrthopaediscoreUITests.swift */,
				CECF44761ECE718C00D5B3E6 /* Info.plist */,
			);
			path = OrthopaediscoreUITests;
			sourceTree = "<group>";
		};
		CECF44851ECE725400D5B3E6 /* core */ = {
			isa = PBXGroup;
			children = (
				CE65A2401ED4D69300DBA8C2 /* Global.swift */,
			);
			path = core;
			sourceTree = "<group>";
		};
		CECF44881ECE725400D5B3E6 /* UI */ = {
			isa = PBXGroup;
			children = (
				CE4F38FC1EE3018C003855D6 /* assigntable */,
				CE5B9E941EDF847300624D78 /* medicaltable */,
				CE697C291EDA24B6009572E3 /* patientlist */,
				CECF44891ECE72E900D5B3E6 /* main */,
				CECF448F1ECE72E900D5B3E6 /* welcomepage */,
			);
			path = UI;
			sourceTree = "<group>";
		};
		CECF44891ECE72E900D5B3E6 /* main */ = {
			isa = PBXGroup;
			children = (
				CECF448A1ECE72E900D5B3E6 /* controller */,
				CECF448B1ECE72E900D5B3E6 /* view */,
			);
			path = main;
			sourceTree = "<group>";
		};
		CECF448A1ECE72E900D5B3E6 /* controller */ = {
			isa = PBXGroup;
			children = (
				CE65A23C1ED4D52F00DBA8C2 /* OSMainViewController.swift */,
				CE65A23D1ED4D52F00DBA8C2 /* OSMainViewController.xib */,
			);
			path = controller;
			sourceTree = "<group>";
		};
		CECF448B1ECE72E900D5B3E6 /* view */ = {
			isa = PBXGroup;
			children = (
				CE65A2421ED4DA3900DBA8C2 /* OSMainSectionView.swift */,
				CE65A2471ED4DD0900DBA8C2 /* OSMainSectionView.xib */,
			);
			path = view;
			sourceTree = "<group>";
		};
		CECF448F1ECE72E900D5B3E6 /* welcomepage */ = {
			isa = PBXGroup;
			children = (
				CECF44901ECE72E900D5B3E6 /* controller */,
				CECF44911ECE72E900D5B3E6 /* view */,
			);
			path = welcomepage;
			sourceTree = "<group>";
		};
		CECF44901ECE72E900D5B3E6 /* controller */ = {
			isa = PBXGroup;
			children = (
				CECF44941ECE735800D5B3E6 /* OSWelcomeViewController.swift */,
				CECF44951ECE735800D5B3E6 /* OSWelcomeViewController.xib */,
			);
			path = controller;
			sourceTree = "<group>";
		};
		CECF44911ECE72E900D5B3E6 /* view */ = {
			isa = PBXGroup;
			children = (
			);
			path = view;
			sourceTree = "<group>";
		};
/* End PBXGroup section */

/* Begin PBXNativeTarget section */
		CECF44501ECE718B00D5B3E6 /* Orthopaediscore */ = {
			isa = PBXNativeTarget;
			buildConfigurationList = CECF44791ECE718C00D5B3E6 /* Build configuration list for PBXNativeTarget "Orthopaediscore" */;
			buildPhases = (
				F33FF330BE036070EF69D88D /* [CP] Check Pods Manifest.lock */,
				CECF444D1ECE718B00D5B3E6 /* Sources */,
				CECF444E1ECE718B00D5B3E6 /* Frameworks */,
				CECF444F1ECE718B00D5B3E6 /* Resources */,
				A1240A215C8621537D52E944 /* [CP] Embed Pods Frameworks */,
				B1F0453A9B05C11FF1555A56 /* [CP] Copy Pods Resources */,
			);
			buildRules = (
			);
			dependencies = (
			);
			name = Orthopaediscore;
			productName = Orthopaediscore;
			productReference = CECF44511ECE718C00D5B3E6 /* Orthopaediscore.app */;
			productType = "com.apple.product-type.application";
		};
		CECF44641ECE718C00D5B3E6 /* OrthopaediscoreTests */ = {
			isa = PBXNativeTarget;
			buildConfigurationList = CECF447C1ECE718C00D5B3E6 /* Build configuration list for PBXNativeTarget "OrthopaediscoreTests" */;
			buildPhases = (
				CECF44611ECE718C00D5B3E6 /* Sources */,
				CECF44621ECE718C00D5B3E6 /* Frameworks */,
				CECF44631ECE718C00D5B3E6 /* Resources */,
			);
			buildRules = (
			);
			dependencies = (
				CECF44671ECE718C00D5B3E6 /* PBXTargetDependency */,
			);
			name = OrthopaediscoreTests;
			productName = OrthopaediscoreTests;
			productReference = CECF44651ECE718C00D5B3E6 /* OrthopaediscoreTests.xctest */;
			productType = "com.apple.product-type.bundle.unit-test";
		};
		CECF446F1ECE718C00D5B3E6 /* OrthopaediscoreUITests */ = {
			isa = PBXNativeTarget;
			buildConfigurationList = CECF447F1ECE718C00D5B3E6 /* Build configuration list for PBXNativeTarget "OrthopaediscoreUITests" */;
			buildPhases = (
				CECF446C1ECE718C00D5B3E6 /* Sources */,
				CECF446D1ECE718C00D5B3E6 /* Frameworks */,
				CECF446E1ECE718C00D5B3E6 /* Resources */,
			);
			buildRules = (
			);
			dependencies = (
				CECF44721ECE718C00D5B3E6 /* PBXTargetDependency */,
			);
			name = OrthopaediscoreUITests;
			productName = OrthopaediscoreUITests;
			productReference = CECF44701ECE718C00D5B3E6 /* OrthopaediscoreUITests.xctest */;
			productType = "com.apple.product-type.bundle.ui-testing";
		};
/* End PBXNativeTarget section */

/* Begin PBXProject section */
		CECF44491ECE718B00D5B3E6 /* Project object */ = {
			isa = PBXProject;
			attributes = {
				LastSwiftUpdateCheck = 0820;
				LastUpgradeCheck = 0820;
				ORGANIZATIONNAME = S.t;
				TargetAttributes = {
					CECF44501ECE718B00D5B3E6 = {
						CreatedOnToolsVersion = 8.2.1;
						ProvisioningStyle = Automatic;
					};
					CECF44641ECE718C00D5B3E6 = {
						CreatedOnToolsVersion = 8.2.1;
						ProvisioningStyle = Automatic;
						TestTargetID = CECF44501ECE718B00D5B3E6;
					};
					CECF446F1ECE718C00D5B3E6 = {
						CreatedOnToolsVersion = 8.2.1;
						ProvisioningStyle = Automatic;
						TestTargetID = CECF44501ECE718B00D5B3E6;
					};
				};
			};
			buildConfigurationList = CECF444C1ECE718B00D5B3E6 /* Build configuration list for PBXProject "Orthopaediscore" */;
			compatibilityVersion = "Xcode 3.2";
			developmentRegion = English;
			hasScannedForEncodings = 0;
			knownRegions = (
				en,
				Base,
			);
			mainGroup = CECF44481ECE718B00D5B3E6;
			productRefGroup = CECF44521ECE718C00D5B3E6 /* Products */;
			projectDirPath = "";
			projectRoot = "";
			targets = (
				CECF44501ECE718B00D5B3E6 /* Orthopaediscore */,
				CECF44641ECE718C00D5B3E6 /* OrthopaediscoreTests */,
				CECF446F1ECE718C00D5B3E6 /* OrthopaediscoreUITests */,
			);
		};
/* End PBXProject section */

/* Begin PBXResourcesBuildPhase section */
		CECF444F1ECE718B00D5B3E6 /* Resources */ = {
			isa = PBXResourcesBuildPhase;
			buildActionMask = 2147483647;
			files = (
				CE4F38E21EE05108003855D6 /* OSBriefTableViewCell.xib in Resources */,
				CE697C431EDC6A24009572E3 /* OSInputView.xib in Resources */,
				CECF445F1ECE718C00D5B3E6 /* LaunchScreen.storyboard in Resources */,
				CE697C311EDA24B6009572E3 /* OSPatientViewController.xib in Resources */,
				CE65A23F1ED4D52F00DBA8C2 /* OSMainViewController.xib in Resources */,
				CE4F39081EE31FFF003855D6 /* OSATSelectedTBCell.xib in Resources */,
				CE697C4B1EDD0800009572E3 /* OSDateSelectView.xib in Resources */,
				CE4F38EE1EE08397003855D6 /* OSQuestionChoiceCell.xib in Resources */,
				CE4F38DE1EE04E24003855D6 /* OSAssignTableVC.xib in Resources */,
				CECF44971ECE735800D5B3E6 /* OSWelcomeViewController.xib in Resources */,
				CE65A2481ED4DD0900DBA8C2 /* OSMainSectionView.xib in Resources */,
				CE697C331EDA24B6009572E3 /* OSPatientTableViewCell.xib in Resources */,
				CE697C371EDBCB56009572E3 /* OSPatientDetailViewController.xib in Resources */,
				CE697C3F1EDC6871009572E3 /* OSDropListView.xib in Resources */,
				CECF445C1ECE718C00D5B3E6 /* Assets.xcassets in Resources */,
				CE4F38FB1EE2FEE9003855D6 /* OSFillTableViewController.xib in Resources */,
				CECF445A1ECE718C00D5B3E6 /* Main.storyboard in Resources */,
			);
			runOnlyForDeploymentPostprocessing = 0;
		};
		CECF44631ECE718C00D5B3E6 /* Resources */ = {
			isa = PBXResourcesBuildPhase;
			buildActionMask = 2147483647;
			files = (
			);
			runOnlyForDeploymentPostprocessing = 0;
		};
		CECF446E1ECE718C00D5B3E6 /* Resources */ = {
			isa = PBXResourcesBuildPhase;
			buildActionMask = 2147483647;
			files = (
			);
			runOnlyForDeploymentPostprocessing = 0;
		};
/* End PBXResourcesBuildPhase section */

/* Begin PBXShellScriptBuildPhase section */
		A1240A215C8621537D52E944 /* [CP] Embed Pods Frameworks */ = {
			isa = PBXShellScriptBuildPhase;
			buildActionMask = 2147483647;
			files = (
			);
			inputPaths = (
			);
			name = "[CP] Embed Pods Frameworks";
			outputPaths = (
			);
			runOnlyForDeploymentPostprocessing = 0;
			shellPath = /bin/sh;
			shellScript = "\"${SRCROOT}/Pods/Target Support Files/Pods-Orthopaediscore/Pods-Orthopaediscore-frameworks.sh\"\n";
			showEnvVarsInLog = 0;
		};
		B1F0453A9B05C11FF1555A56 /* [CP] Copy Pods Resources */ = {
			isa = PBXShellScriptBuildPhase;
			buildActionMask = 2147483647;
			files = (
			);
			inputPaths = (
			);
			name = "[CP] Copy Pods Resources";
			outputPaths = (
			);
			runOnlyForDeploymentPostprocessing = 0;
			shellPath = /bin/sh;
			shellScript = "\"${SRCROOT}/Pods/Target Support Files/Pods-Orthopaediscore/Pods-Orthopaediscore-resources.sh\"\n";
			showEnvVarsInLog = 0;
		};
		F33FF330BE036070EF69D88D /* [CP] Check Pods Manifest.lock */ = {
			isa = PBXShellScriptBuildPhase;
			buildActionMask = 2147483647;
			files = (
			);
			inputPaths = (
			);
			name = "[CP] Check Pods Manifest.lock";
			outputPaths = (
			);
			runOnlyForDeploymentPostprocessing = 0;
			shellPath = /bin/sh;
			shellScript = "diff \"${PODS_PODFILE_DIR_PATH}/Podfile.lock\" \"${PODS_ROOT}/Manifest.lock\" > /dev/null\nif [ $? != 0 ] ; then\n    # print error to STDERR\n    echo \"error: The sandbox is not in sync with the Podfile.lock. Run 'pod install' or update your CocoaPods installation.\" >&2\n    exit 1\nfi\n";
			showEnvVarsInLog = 0;
		};
/* End PBXShellScriptBuildPhase section */

/* Begin PBXSourcesBuildPhase section */
		CECF444D1ECE718B00D5B3E6 /* Sources */ = {
			isa = PBXSourcesBuildPhase;
			buildActionMask = 2147483647;
			files = (
				CE4F38F61EE2FD93003855D6 /* LinearScrollView.swift in Sources */,
				CE65A2551ED4E32600DBA8C2 /* UIImageView-Extension.swift in Sources */,
				CE4F39001EE3020E003855D6 /* OSATPatientTableViewController.swift in Sources */,
				CE5B9E9D1EDF857A00624D78 /* OSPatient.swift in Sources */,
				CE5B9EA11EDF941500624D78 /* String-Extension.swift in Sources */,
				CECF44961ECE735800D5B3E6 /* OSWelcomeViewController.swift in Sources */,
				CE4F38F71EE2FD93003855D6 /* LinearScrollViewItem.swift in Sources */,
				CE65A2521ED4E32600DBA8C2 /* UIColor-Extension.swift in Sources */,
				CE4F38F21EE086FF003855D6 /* OSQuestion.swift in Sources */,
				CE65A2431ED4DA3900DBA8C2 /* OSMainSectionView.swift in Sources */,
				CE4F38D71EDF9B38003855D6 /* OSBaseNetService.swift in Sources */,
				CE4F38F01EE085FA003855D6 /* OSQuestionView.swift in Sources */,
				CE5B9E9F1EDF8EFE00624D78 /* Date-Extension.swift in Sources */,
				CE4F39041EE31906003855D6 /* OSUniqueTable.swift in Sources */,
				CE4F38E41EE0531D003855D6 /* OSBriefTableSectionHeader.swift in Sources */,
				CECF44571ECE718C00D5B3E6 /* ViewController.swift in Sources */,
				CECF44551ECE718C00D5B3E6 /* AppDelegate.swift in Sources */,
				CE4F38DA1EE0473A003855D6 /* OSBriefTable.swift in Sources */,
				CE697C361EDBCB56009572E3 /* OSPatientDetailViewController.swift in Sources */,
				CE4F38DD1EE04E24003855D6 /* OSAssignTableVC.swift in Sources */,
				CE4F38FA1EE2FEE9003855D6 /* OSFillTableViewController.swift in Sources */,
				CE65A2531ED4E32600DBA8C2 /* UIImage-Extension.swift in Sources */,
				CE697C391EDC6340009572E3 /* OSPickerView.swift in Sources */,
				CE4F39021EE30406003855D6 /* OSATSelectedTBV.swift in Sources */,
				CE4F38D51EDF9AFA003855D6 /* OSTableNetService.swift in Sources */,
				CE4F39071EE31FFF003855D6 /* OSATSelectedTBCell.swift in Sources */,
				CE697C451EDD04B4009572E3 /* OSTimePickerView.swift in Sources */,
				CE697C411EDC6A13009572E3 /* OSInputView.swift in Sources */,
				CE697C301EDA24B6009572E3 /* OSPatientViewController.swift in Sources */,
				CE697C491EDD07EF009572E3 /* OSDateSelectView.swift in Sources */,
				CE65A2541ED4E32600DBA8C2 /* UIImage+Gif.swift in Sources */,
				CE697C321EDA24B6009572E3 /* OSPatientTableViewCell.swift in Sources */,
				CE5B9E981EDF84D700624D78 /* OSMTPatientTableViewController.swift in Sources */,
				CE65A2411ED4D69300DBA8C2 /* Global.swift in Sources */,
				CE4F38EC1EE0837E003855D6 /* OSQuestionChoiceCell.swift in Sources */,
				CE65A2561ED4E32600DBA8C2 /* UIView-Extension.swift in Sources */,
				CE697C3D1EDC6860009572E3 /* OSDropListView.swift in Sources */,
				CE65A2501ED4E32600DBA8C2 /* Double-Extension.swift in Sources */,
				CE65A23E1ED4D52F00DBA8C2 /* OSMainViewController.swift in Sources */,
				CE4F38E11EE05108003855D6 /* OSBriefTableViewCell.swift in Sources */,
			);
			runOnlyForDeploymentPostprocessing = 0;
		};
		CECF44611ECE718C00D5B3E6 /* Sources */ = {
			isa = PBXSourcesBuildPhase;
			buildActionMask = 2147483647;
			files = (
				CECF446A1ECE718C00D5B3E6 /* OrthopaediscoreTests.swift in Sources */,
			);
			runOnlyForDeploymentPostprocessing = 0;
		};
		CECF446C1ECE718C00D5B3E6 /* Sources */ = {
			isa = PBXSourcesBuildPhase;
			buildActionMask = 2147483647;
			files = (
				CECF44751ECE718C00D5B3E6 /* OrthopaediscoreUITests.swift in Sources */,
			);
			runOnlyForDeploymentPostprocessing = 0;
		};
/* End PBXSourcesBuildPhase section */

/* Begin PBXTargetDependency section */
		CECF44671ECE718C00D5B3E6 /* PBXTargetDependency */ = {
			isa = PBXTargetDependency;
			target = CECF44501ECE718B00D5B3E6 /* Orthopaediscore */;
			targetProxy = CECF44661ECE718C00D5B3E6 /* PBXContainerItemProxy */;
		};
		CECF44721ECE718C00D5B3E6 /* PBXTargetDependency */ = {
			isa = PBXTargetDependency;
			target = CECF44501ECE718B00D5B3E6 /* Orthopaediscore */;
			targetProxy = CECF44711ECE718C00D5B3E6 /* PBXContainerItemProxy */;
		};
/* End PBXTargetDependency section */

/* Begin PBXVariantGroup section */
		CECF44581ECE718C00D5B3E6 /* Main.storyboard */ = {
			isa = PBXVariantGroup;
			children = (
				CECF44591ECE718C00D5B3E6 /* Base */,
			);
			name = Main.storyboard;
			sourceTree = "<group>";
		};
		CECF445D1ECE718C00D5B3E6 /* LaunchScreen.storyboard */ = {
			isa = PBXVariantGroup;
			children = (
				CECF445E1ECE718C00D5B3E6 /* Base */,
			);
			name = LaunchScreen.storyboard;
			sourceTree = "<group>";
		};
/* End PBXVariantGroup section */

/* Begin XCBuildConfiguration section */
		CECF44771ECE718C00D5B3E6 /* Debug */ = {
			isa = XCBuildConfiguration;
			buildSettings = {
				ALWAYS_SEARCH_USER_PATHS = NO;
				CLANG_ANALYZER_NONNULL = YES;
				CLANG_CXX_LANGUAGE_STANDARD = "gnu++0x";
				CLANG_CXX_LIBRARY = "libc++";
				CLANG_ENABLE_MODULES = YES;
				CLANG_ENABLE_OBJC_ARC = YES;
				CLANG_WARN_BOOL_CONVERSION = YES;
				CLANG_WARN_CONSTANT_CONVERSION = YES;
				CLANG_WARN_DIRECT_OBJC_ISA_USAGE = YES_ERROR;
				CLANG_WARN_DOCUMENTATION_COMMENTS = YES;
				CLANG_WARN_EMPTY_BODY = YES;
				CLANG_WARN_ENUM_CONVERSION = YES;
				CLANG_WARN_INFINITE_RECURSION = YES;
				CLANG_WARN_INT_CONVERSION = YES;
				CLANG_WARN_OBJC_ROOT_CLASS = YES_ERROR;
				CLANG_WARN_SUSPICIOUS_MOVE = YES;
				CLANG_WARN_UNREACHABLE_CODE = YES;
				CLANG_WARN__DUPLICATE_METHOD_MATCH = YES;
				"CODE_SIGN_IDENTITY[sdk=iphoneos*]" = "iPhone Developer";
				COPY_PHASE_STRIP = NO;
				DEBUG_INFORMATION_FORMAT = dwarf;
				ENABLE_STRICT_OBJC_MSGSEND = YES;
				ENABLE_TESTABILITY = YES;
				GCC_C_LANGUAGE_STANDARD = gnu99;
				GCC_DYNAMIC_NO_PIC = NO;
				GCC_NO_COMMON_BLOCKS = YES;
				GCC_OPTIMIZATION_LEVEL = 0;
				GCC_PREPROCESSOR_DEFINITIONS = (
					"DEBUG=1",
					"$(inherited)",
				);
				GCC_WARN_64_TO_32_BIT_CONVERSION = YES;
				GCC_WARN_ABOUT_RETURN_TYPE = YES_ERROR;
				GCC_WARN_UNDECLARED_SELECTOR = YES;
				GCC_WARN_UNINITIALIZED_AUTOS = YES_AGGRESSIVE;
				GCC_WARN_UNUSED_FUNCTION = YES;
				GCC_WARN_UNUSED_VARIABLE = YES;
				IPHONEOS_DEPLOYMENT_TARGET = 10.2;
				MTL_ENABLE_DEBUG_INFO = YES;
				ONLY_ACTIVE_ARCH = YES;
				SDKROOT = iphoneos;
				SWIFT_ACTIVE_COMPILATION_CONDITIONS = DEBUG;
				SWIFT_OPTIMIZATION_LEVEL = "-Onone";
			};
			name = Debug;
		};
		CECF44781ECE718C00D5B3E6 /* Release */ = {
			isa = XCBuildConfiguration;
			buildSettings = {
				ALWAYS_SEARCH_USER_PATHS = NO;
				CLANG_ANALYZER_NONNULL = YES;
				CLANG_CXX_LANGUAGE_STANDARD = "gnu++0x";
				CLANG_CXX_LIBRARY = "libc++";
				CLANG_ENABLE_MODULES = YES;
				CLANG_ENABLE_OBJC_ARC = YES;
				CLANG_WARN_BOOL_CONVERSION = YES;
				CLANG_WARN_CONSTANT_CONVERSION = YES;
				CLANG_WARN_DIRECT_OBJC_ISA_USAGE = YES_ERROR;
				CLANG_WARN_DOCUMENTATION_COMMENTS = YES;
				CLANG_WARN_EMPTY_BODY = YES;
				CLANG_WARN_ENUM_CONVERSION = YES;
				CLANG_WARN_INFINITE_RECURSION = YES;
				CLANG_WARN_INT_CONVERSION = YES;
				CLANG_WARN_OBJC_ROOT_CLASS = YES_ERROR;
				CLANG_WARN_SUSPICIOUS_MOVE = YES;
				CLANG_WARN_UNREACHABLE_CODE = YES;
				CLANG_WARN__DUPLICATE_METHOD_MATCH = YES;
				"CODE_SIGN_IDENTITY[sdk=iphoneos*]" = "iPhone Developer";
				COPY_PHASE_STRIP = NO;
				DEBUG_INFORMATION_FORMAT = "dwarf-with-dsym";
				ENABLE_NS_ASSERTIONS = NO;
				ENABLE_STRICT_OBJC_MSGSEND = YES;
				GCC_C_LANGUAGE_STANDARD = gnu99;
				GCC_NO_COMMON_BLOCKS = YES;
				GCC_WARN_64_TO_32_BIT_CONVERSION = YES;
				GCC_WARN_ABOUT_RETURN_TYPE = YES_ERROR;
				GCC_WARN_UNDECLARED_SELECTOR = YES;
				GCC_WARN_UNINITIALIZED_AUTOS = YES_AGGRESSIVE;
				GCC_WARN_UNUSED_FUNCTION = YES;
				GCC_WARN_UNUSED_VARIABLE = YES;
				IPHONEOS_DEPLOYMENT_TARGET = 10.2;
				MTL_ENABLE_DEBUG_INFO = NO;
				SDKROOT = iphoneos;
				SWIFT_OPTIMIZATION_LEVEL = "-Owholemodule";
				VALIDATE_PRODUCT = YES;
			};
			name = Release;
		};
		CECF447A1ECE718C00D5B3E6 /* Debug */ = {
			isa = XCBuildConfiguration;
			baseConfigurationReference = 15764DB0EF83F1CC9B57C754 /* Pods-Orthopaediscore.debug.xcconfig */;
			buildSettings = {
				ASSETCATALOG_COMPILER_APPICON_NAME = AppIcon;
				INFOPLIST_FILE = Orthopaediscore/Info.plist;
				LD_RUNPATH_SEARCH_PATHS = "$(inherited) @executable_path/Frameworks";
				PRODUCT_BUNDLE_IDENTIFIER = oooo.Orthopaediscore;
				PRODUCT_NAME = "$(TARGET_NAME)";
				SWIFT_VERSION = 3.0;
			};
			name = Debug;
		};
		CECF447B1ECE718C00D5B3E6 /* Release */ = {
			isa = XCBuildConfiguration;
			baseConfigurationReference = 68F9F29C5CABA46EE75C9C6F /* Pods-Orthopaediscore.release.xcconfig */;
			buildSettings = {
				ASSETCATALOG_COMPILER_APPICON_NAME = AppIcon;
				INFOPLIST_FILE = Orthopaediscore/Info.plist;
				LD_RUNPATH_SEARCH_PATHS = "$(inherited) @executable_path/Frameworks";
				PRODUCT_BUNDLE_IDENTIFIER = oooo.Orthopaediscore;
				PRODUCT_NAME = "$(TARGET_NAME)";
				SWIFT_VERSION = 3.0;
			};
			name = Release;
		};
		CECF447D1ECE718C00D5B3E6 /* Debug */ = {
			isa = XCBuildConfiguration;
			buildSettings = {
				ALWAYS_EMBED_SWIFT_STANDARD_LIBRARIES = YES;
				BUNDLE_LOADER = "$(TEST_HOST)";
				INFOPLIST_FILE = OrthopaediscoreTests/Info.plist;
				LD_RUNPATH_SEARCH_PATHS = "$(inherited) @executable_path/Frameworks @loader_path/Frameworks";
				PRODUCT_BUNDLE_IDENTIFIER = oooo.OrthopaediscoreTests;
				PRODUCT_NAME = "$(TARGET_NAME)";
				SWIFT_VERSION = 3.0;
				TEST_HOST = "$(BUILT_PRODUCTS_DIR)/Orthopaediscore.app/Orthopaediscore";
			};
			name = Debug;
		};
		CECF447E1ECE718C00D5B3E6 /* Release */ = {
			isa = XCBuildConfiguration;
			buildSettings = {
				ALWAYS_EMBED_SWIFT_STANDARD_LIBRARIES = YES;
				BUNDLE_LOADER = "$(TEST_HOST)";
				INFOPLIST_FILE = OrthopaediscoreTests/Info.plist;
				LD_RUNPATH_SEARCH_PATHS = "$(inherited) @executable_path/Frameworks @loader_path/Frameworks";
				PRODUCT_BUNDLE_IDENTIFIER = oooo.OrthopaediscoreTests;
				PRODUCT_NAME = "$(TARGET_NAME)";
				SWIFT_VERSION = 3.0;
				TEST_HOST = "$(BUILT_PRODUCTS_DIR)/Orthopaediscore.app/Orthopaediscore";
			};
			name = Release;
		};
		CECF44801ECE718C00D5B3E6 /* Debug */ = {
			isa = XCBuildConfiguration;
			buildSettings = {
				ALWAYS_EMBED_SWIFT_STANDARD_LIBRARIES = YES;
				INFOPLIST_FILE = OrthopaediscoreUITests/Info.plist;
				LD_RUNPATH_SEARCH_PATHS = "$(inherited) @executable_path/Frameworks @loader_path/Frameworks";
				PRODUCT_BUNDLE_IDENTIFIER = oooo.OrthopaediscoreUITests;
				PRODUCT_NAME = "$(TARGET_NAME)";
				SWIFT_VERSION = 3.0;
				TEST_TARGET_NAME = Orthopaediscore;
			};
			name = Debug;
		};
		CECF44811ECE718C00D5B3E6 /* Release */ = {
			isa = XCBuildConfiguration;
			buildSettings = {
				ALWAYS_EMBED_SWIFT_STANDARD_LIBRARIES = YES;
				INFOPLIST_FILE = OrthopaediscoreUITests/Info.plist;
				LD_RUNPATH_SEARCH_PATHS = "$(inherited) @executable_path/Frameworks @loader_path/Frameworks";
				PRODUCT_BUNDLE_IDENTIFIER = oooo.OrthopaediscoreUITests;
				PRODUCT_NAME = "$(TARGET_NAME)";
				SWIFT_VERSION = 3.0;
				TEST_TARGET_NAME = Orthopaediscore;
			};
			name = Release;
		};
/* End XCBuildConfiguration section */

/* Begin XCConfigurationList section */
		CECF444C1ECE718B00D5B3E6 /* Build configuration list for PBXProject "Orthopaediscore" */ = {
			isa = XCConfigurationList;
			buildConfigurations = (
				CECF44771ECE718C00D5B3E6 /* Debug */,
				CECF44781ECE718C00D5B3E6 /* Release */,
			);
			defaultConfigurationIsVisible = 0;
			defaultConfigurationName = Release;
		};
		CECF44791ECE718C00D5B3E6 /* Build configuration list for PBXNativeTarget "Orthopaediscore" */ = {
			isa = XCConfigurationList;
			buildConfigurations = (
				CECF447A1ECE718C00D5B3E6 /* Debug */,
				CECF447B1ECE718C00D5B3E6 /* Release */,
			);
			defaultConfigurationIsVisible = 0;
			defaultConfigurationName = Release;
		};
		CECF447C1ECE718C00D5B3E6 /* Build configuration list for PBXNativeTarget "OrthopaediscoreTests" */ = {
			isa = XCConfigurationList;
			buildConfigurations = (
				CECF447D1ECE718C00D5B3E6 /* Debug */,
				CECF447E1ECE718C00D5B3E6 /* Release */,
			);
			defaultConfigurationIsVisible = 0;
			defaultConfigurationName = Release;
		};
		CECF447F1ECE718C00D5B3E6 /* Build configuration list for PBXNativeTarget "OrthopaediscoreUITests" */ = {
			isa = XCConfigurationList;
			buildConfigurations = (
				CECF44801ECE718C00D5B3E6 /* Debug */,
				CECF44811ECE718C00D5B3E6 /* Release */,
			);
			defaultConfigurationIsVisible = 0;
			defaultConfigurationName = Release;
		};
/* End XCConfigurationList section */
	};
	rootObject = CECF44491ECE718B00D5B3E6 /* Project object */;
}
